
Microsoft Visual Studio Solution File, Format Version 12.00
# Visual Studio Version 16
VisualStudioVersion = 16.0.30804.86
MinimumVisualStudioVersion = 10.0.40219.1
Project("{FAE04EC0-301F-11D3-BF4B-00C04F79EFBC}") = "HelloGame", "HelloGame\HelloGame.csproj", "{163745ED-8DA1-46D6-BD6C-3F26F8C4103C}"
EndProject
Global
	GlobalSection(SolutionConfigurationPlatforms) = preSolution
		Debug|Any CPU = Debug|Any CPU
		Release|Any CPU = Release|Any CPU
	EndGlobalSection
	GlobalSection(ProjectConfigurationPlatforms) = postSolution
		{163745ED-8DA1-46D6-BD6C-3F26F8C4103C}.Debug|Any CPU.ActiveCfg = Debug|Any CPU
		{163745ED-8DA1-46D6-BD6C-3F26F8C4103C}.Debug|Any CPU.Build.0 = Debug|Any CPU
		{163745ED-8DA1-46D6-BD6C-3F26F8C4103C}.Release|Any CPU.ActiveCfg = Release|Any CPU
		{163745ED-8DA1-46D6-BD6C-3F26F8C4103C}.Release|Any CPU.Build.0 = Release|Any CPU
	EndGlobalSection
	GlobalSection(SolutionProperties) = preSolution
		HideSolutionNode = FALSE
	EndGlobalSection
	GlobalSection(ExtensibilityGlobals) = postSolution
		SolutionGuid = {3CDD6719-F378-4CCD-A78A-5360EA6D4AF2}
	EndGlobalSection
EndGlobal
